// !$*UTF8*$!
{
	archiveVersion = 1;
	classes = {
	};
	objectVersion = 50;
	objects = {

/* Begin PBXBuildFile section */
		11884CE1209E5768004D649A /* AppDelegate.swift in Sources */ = {isa = PBXBuildFile; fileRef = 11884CE0209E5768004D649A /* AppDelegate.swift */; };
		11884CE3209E5768004D649A /* ViewController.swift in Sources */ = {isa = PBXBuildFile; fileRef = 11884CE2209E5768004D649A /* ViewController.swift */; };
		11884CE6209E5768004D649A /* Main.storyboard in Resources */ = {isa = PBXBuildFile; fileRef = 11884CE4209E5768004D649A /* Main.storyboard */; };
		11884CE8209E576B004D649A /* Assets.xcassets in Resources */ = {isa = PBXBuildFile; fileRef = 11884CE7209E576B004D649A /* Assets.xcassets */; };
		11884CEB209E576B004D649A /* LaunchScreen.storyboard in Resources */ = {isa = PBXBuildFile; fileRef = 11884CE9209E576B004D649A /* LaunchScreen.storyboard */; };
		11884D01209E591B004D649A /* ArrayExtension.swift in Sources */ = {isa = PBXBuildFile; fileRef = 11884D00209E591B004D649A /* ArrayExtension.swift */; };
		11884D03209FAFE4004D649A /* ArrayExtensionTests.swift in Sources */ = {isa = PBXBuildFile; fileRef = 11884D02209FAFE4004D649A /* ArrayExtensionTests.swift */; };
/* End PBXBuildFile section */

/* Begin PBXContainerItemProxy section */
		11884CF2209E576B004D649A /* PBXContainerItemProxy */ = {
			isa = PBXContainerItemProxy;
			containerPortal = 11884CD5209E5768004D649A /* Project object */;
			proxyType = 1;
			remoteGlobalIDString = 11884CDC209E5768004D649A;
			remoteInfo = maxvalue;
		};
/* End PBXContainerItemProxy section */

/* Begin PBXFileReference section */
		11884CDD209E5768004D649A /* maxvalue.app */ = {isa = PBXFileReference; explicitFileType = wrapper.application; includeInIndex = 0; path = maxvalue.app; sourceTree = BUILT_PRODUCTS_DIR; };
		11884CE0209E5768004D649A /* AppDelegate.swift */ = {isa = PBXFileReference; lastKnownFileType = sourcecode.swift; path = AppDelegate.swift; sourceTree = "<group>"; };
		11884CE2209E5768004D649A /* ViewController.swift */ = {isa = PBXFileReference; lastKnownFileType = sourcecode.swift; path = ViewController.swift; sourceTree = "<group>"; };
		11884CE5209E5768004D649A /* Base */ = {isa = PBXFileReference; lastKnownFileType = file.storyboard; name = Base; path = Base.lproj/Main.storyboard; sourceTree = "<group>"; };
		11884CE7209E576B004D649A /* Assets.xcassets */ = {isa = PBXFileReference; lastKnownFileType = folder.assetcatalog; path = Assets.xcassets; sourceTree = "<group>"; };
		11884CEA209E576B004D649A /* Base */ = {isa = PBXFileReference; lastKnownFileType = file.storyboard; name = Base; path = Base.lproj/LaunchScreen.storyboard; sourceTree = "<group>"; };
		11884CEC209E576B004D649A /* Info.plist */ = {isa = PBXFileReference; lastKnownFileType = text.plist.xml; path = Info.plist; sourceTree = "<group>"; };
		11884CF1209E576B004D649A /* maxvalueTests.xctest */ = {isa = PBXFileReference; explicitFileType = wrapper.cfbundle; includeInIndex = 0; path = maxvalueTests.xctest; sourceTree = BUILT_PRODUCTS_DIR; };
		11884CF7209E576B004D649A /* Info.plist */ = {isa = PBXFileReference; lastKnownFileType = text.plist.xml; path = Info.plist; sourceTree = "<group>"; };
		11884D00209E591B004D649A /* ArrayExtension.swift */ = {isa = PBXFileReference; lastKnownFileType = sourcecode.swift; path = ArrayExtension.swift; sourceTree = "<group>"; };
		11884D02209FAFE4004D649A /* ArrayExtensionTests.swift */ = {isa = PBXFileReference; lastKnownFileType = sourcecode.swift; path = ArrayExtensionTests.swift; sourceTree = "<group>"; };
/* End PBXFileReference section */

/* Begin PBXFrameworksBuildPhase section */
		11884CDA209E5768004D649A /* Frameworks */ = {
			isa = PBXFrameworksBuildPhase;
			buildActionMask = 2147483647;
			files = (
			);
			runOnlyForDeploymentPostprocessing = 0;
		};
		11884CEE209E576B004D649A /* Frameworks */ = {
			isa = PBXFrameworksBuildPhase;
			buildActionMask = 2147483647;
			files = (
			);
			runOnlyForDeploymentPostprocessing = 0;
		};
/* End PBXFrameworksBuildPhase section */

/* Begin PBXGroup section */
		11884CD4209E5768004D649A = {
			isa = PBXGroup;
			children = (
				11884CDF209E5768004D649A /* maxvalue */,
				11884CF4209E576B004D649A /* maxvalueTests */,
				11884CDE209E5768004D649A /* Products */,
			);
			sourceTree = "<group>";
		};
		11884CDE209E5768004D649A /* Products */ = {
			isa = PBXGroup;
			children = (
				11884CDD209E5768004D649A /* maxvalue.app */,
				11884CF1209E576B004D649A /* maxvalueTests.xctest */,
			);
			name = Products;
			sourceTree = "<group>";
		};
		11884CDF209E5768004D649A /* maxvalue */ = {
			isa = PBXGroup;
			children = (
				11884CE0209E5768004D649A /* AppDelegate.swift */,
				11884CE2209E5768004D649A /* ViewController.swift */,
				11884D00209E591B004D649A /* ArrayExtension.swift */,
				11884CE4209E5768004D649A /* Main.storyboard */,
				11884CE7209E576B004D649A /* Assets.xcassets */,
				11884CE9209E576B004D649A /* LaunchScreen.storyboard */,
				11884CEC209E576B004D649A /* Info.plist */,
			);
			path = maxvalue;
			sourceTree = "<group>";
		};
		11884CF4209E576B004D649A /* maxvalueTests */ = {
			isa = PBXGroup;
			children = (
				11884D02209FAFE4004D649A /* ArrayExtensionTests.swift */,
				11884CF7209E576B004D649A /* Info.plist */,
			);
			path = maxvalueTests;
			sourceTree = "<group>";
		};
/* End PBXGroup section */

/* Begin PBXNativeTarget section */
		11884CDC209E5768004D649A /* maxvalue */ = {
			isa = PBXNativeTarget;
			buildConfigurationList = 11884CFA209E576B004D649A /* Build configuration list for PBXNativeTarget "maxvalue" */;
			buildPhases = (
				11884CD9209E5768004D649A /* Sources */,
				11884CDA209E5768004D649A /* Frameworks */,
				11884CDB209E5768004D649A /* Resources */,
			);
			buildRules = (
			);
			dependencies = (
			);
			name = maxvalue;
			productName = maxvalue;
			productReference = 11884CDD209E5768004D649A /* maxvalue.app */;
			productType = "com.apple.product-type.application";
		};
		11884CF0209E576B004D649A /* maxvalueTests */ = {
			isa = PBXNativeTarget;
			buildConfigurationList = 11884CFD209E576B004D649A /* Build configuration list for PBXNativeTarget "maxvalueTests" */;
			buildPhases = (
				11884CED209E576B004D649A /* Sources */,
				11884CEE209E576B004D649A /* Frameworks */,
				11884CEF209E576B004D649A /* Resources */,
			);
			buildRules = (
			);
			dependencies = (
				11884CF3209E576B004D649A /* PBXTargetDependency */,
			);
			name = maxvalueTests;
			productName = maxvalueTests;
			productReference = 11884CF1209E576B004D649A /* maxvalueTests.xctest */;
			productType = "com.apple.product-type.bundle.unit-test";
		};
/* End PBXNativeTarget section */

/* Begin PBXProject section */
		11884CD5209E5768004D649A /* Project object */ = {
			isa = PBXProject;
			attributes = {
				LastSwiftUpdateCheck = 0930;
				LastUpgradeCheck = 0930;
				ORGANIZATIONNAME = Alexander;
				TargetAttributes = {
					11884CDC209E5768004D649A = {
						CreatedOnToolsVersion = 9.3;
					};
					11884CF0209E576B004D649A = {
						CreatedOnToolsVersion = 9.3;
						TestTargetID = 11884CDC209E5768004D649A;
					};
				};
			};
			buildConfigurationList = 11884CD8209E5768004D649A /* Build configuration list for PBXProject "maxvalue" */;
			compatibilityVersion = "Xcode 9.3";
			developmentRegion = en;
			hasScannedForEncodings = 0;
			knownRegions = (
				en,
				Base,
			);
			mainGroup = 11884CD4209E5768004D649A;
			productRefGroup = 11884CDE209E5768004D649A /* Products */;
			projectDirPath = "";
			projectRoot = "";
			targets = (
				11884CDC209E5768004D649A /* maxvalue */,
				11884CF0209E576B004D649A /* maxvalueTests */,
			);
		};
/* End PBXProject section */

/* Begin PBXResourcesBuildPhase section */
		11884CDB209E5768004D649A /* Resources */ = {
			isa = PBXResourcesBuildPhase;
			buildActionMask = 2147483647;
			files = (
				11884CEB209E576B004D649A /* LaunchScreen.storyboard in Resources */,
				11884CE8209E576B004D649A /* Assets.xcassets in Resources */,
				11884CE6209E5768004D649A /* Main.storyboard in Resources */,
			);
			runOnlyForDeploymentPostprocessing = 0;
		};
		11884CEF209E576B004D649A /* Resources */ = {
			isa = PBXResourcesBuildPhase;
			buildActionMask = 2147483647;
			files = (
			);
			runOnlyForDeploymentPostprocessing = 0;
		};
/* End PBXResourcesBuildPhase section */

/* Begin PBXSourcesBuildPhase section */
		11884CD9209E5768004D649A /* Sources */ = {
			isa = PBXSourcesBuildPhase;
			buildActionMask = 2147483647;
			files = (
				11884D01209E591B004D649A /* ArrayExtension.swift in Sources */,
				11884CE3209E5768004D649A /* ViewController.swift in Sources */,
				11884CE1209E5768004D649A /* AppDelegate.swift in Sources */,
			);
			runOnlyForDeploymentPostprocessing = 0;
		};
		11884CED209E576B004D649A /* Sources */ = {
			isa = PBXSourcesBuildPhase;
			buildActionMask = 2147483647;
			files = (
				11884D03209FAFE4004D649A /* ArrayExtensionTests.swift in Sources */,
			);
			runOnlyForDeploymentPostprocessing = 0;
		};
/* End PBXSourcesBuildPhase section */

/* Begin PBXTargetDependency section */
		11884CF3209E576B004D649A /* PBXTargetDependency */ = {
			isa = PBXTargetDependency;
			target = 11884CDC209E5768004D649A /* maxvalue */;
			targetProxy = 11884CF2209E576B004D649A /* PBXContainerItemProxy */;
		};
/* End PBXTargetDependency section */

/* Begin PBXVariantGroup section */
		11884CE4209E5768004D649A /* Main.storyboard */ = {
			isa = PBXVariantGroup;
			children = (
				11884CE5209E5768004D649A /* Base */,
			);
			name = Main.storyboard;
			sourceTree = "<group>";
		};
		11884CE9209E576B004D649A /* LaunchScreen.storyboard */ = {
			isa = PBXVariantGroup;
			children = (
				11884CEA209E576B004D649A /* Base */,
			);
			name = LaunchScreen.storyboard;
			sourceTree = "<group>";
		};
/* End PBXVariantGroup section */

/* Begin XCBuildConfiguration section */
		11884CF8209E576B004D649A /* Debug */ = {
			isa = XCBuildConfiguration;
			buildSettings = {
				ALWAYS_SEARCH_USER_PATHS = NO;
				CLANG_ANALYZER_NONNULL = YES;
				CLANG_ANALYZER_NUMBER_OBJECT_CONVERSION = YES_AGGRESSIVE;
				CLANG_CXX_LANGUAGE_STANDARD = "gnu++14";
				CLANG_CXX_LIBRARY = "libc++";
				CLANG_ENABLE_MODULES = YES;
				CLANG_ENABLE_OBJC_ARC = YES;
				CLANG_ENABLE_OBJC_WEAK = YES;
				CLANG_WARN_BLOCK_CAPTURE_AUTORELEASING = YES;
				CLANG_WARN_BOOL_CONVERSION = YES;
				CLANG_WARN_COMMA = YES;
				CLANG_WARN_CONSTANT_CONVERSION = YES;
				CLANG_WARN_DEPRECATED_OBJC_IMPLEMENTATIONS = YES;
				CLANG_WARN_DIRECT_OBJC_ISA_USAGE = YES_ERROR;
				CLANG_WARN_DOCUMENTATION_COMMENTS = YES;
				CLANG_WARN_EMPTY_BODY = YES;
				CLANG_WARN_ENUM_CONVERSION = YES;
				CLANG_WARN_INFINITE_RECURSION = YES;
				CLANG_WARN_INT_CONVERSION = YES;
				CLANG_WARN_NON_LITERAL_NULL_CONVERSION = YES;
				CLANG_WARN_OBJC_IMPLICIT_RETAIN_SELF = YES;
				CLANG_WARN_OBJC_LITERAL_CONVERSION = YES;
				CLANG_WARN_OBJC_ROOT_CLASS = YES_ERROR;
				CLANG_WARN_RANGE_LOOP_ANALYSIS = YES;
				CLANG_WARN_STRICT_PROTOTYPES = YES;
				CLANG_WARN_SUSPICIOUS_MOVE = YES;
				CLANG_WARN_UNGUARDED_AVAILABILITY = YES_AGGRESSIVE;
				CLANG_WARN_UNREACHABLE_CODE = YES;
				CLANG_WARN__DUPLICATE_METHOD_MATCH = YES;
				CODE_SIGN_IDENTITY = "iPhone Developer";
				COPY_PHASE_STRIP = NO;
				DEBUG_INFORMATION_FORMAT = dwarf;
				ENABLE_STRICT_OBJC_MSGSEND = YES;
				ENABLE_TESTABILITY = YES;
				GCC_C_LANGUAGE_STANDARD = gnu11;
				GCC_DYNAMIC_NO_PIC = NO;
				GCC_NO_COMMON_BLOCKS = YES;
				GCC_OPTIMIZATION_LEVEL = 0;
				GCC_PREPROCESSOR_DEFINITIONS = (
					"DEBUG=1",
					"$(inherited)",
				);
				GCC_WARN_64_TO_32_BIT_CONVERSION = YES;
				GCC_WARN_ABOUT_RETURN_TYPE = YES_ERROR;
				GCC_WARN_UNDECLARED_SELECTOR = YES;
				GCC_WARN_UNINITIALIZED_AUTOS = YES_AGGRESSIVE;
				GCC_WARN_UNUSED_FUNCTION = YES;
				GCC_WARN_UNUSED_VARIABLE = YES;
				IPHONEOS_DEPLOYMENT_TARGET = 11.3;
				MTL_ENABLE_DEBUG_INFO = YES;
				ONLY_ACTIVE_ARCH = YES;
				SDKROOT = iphoneos;
				SWIFT_ACTIVE_COMPILATION_CONDITIONS = DEBUG;
				SWIFT_OPTIMIZATION_LEVEL = "-Onone";
			};
			name = Debug;
		};
		11884CF9209E576B004D649A /* Release */ = {
			isa = XCBuildConfiguration;
			buildSettings = {
				ALWAYS_SEARCH_USER_PATHS = NO;
				CLANG_ANALYZER_NONNULL = YES;
				CLANG_ANALYZER_NUMBER_OBJECT_CONVERSION = YES_AGGRESSIVE;
				CLANG_CXX_LANGUAGE_STANDARD = "gnu++14";
				CLANG_CXX_LIBRARY = "libc++";
				CLANG_ENABLE_MODULES = YES;
				CLANG_ENABLE_OBJC_ARC = YES;
				CLANG_ENABLE_OBJC_WEAK = YES;
				CLANG_WARN_BLOCK_CAPTURE_AUTORELEASING = YES;
				CLANG_WARN_BOOL_CONVERSION = YES;
				CLANG_WARN_COMMA = YES;
				CLANG_WARN_CONSTANT_CONVERSION = YES;
				CLANG_WARN_DEPRECATED_OBJC_IMPLEMENTATIONS = YES;
				CLANG_WARN_DIRECT_OBJC_ISA_USAGE = YES_ERROR;
				CLANG_WARN_DOCUMENTATION_COMMENTS = YES;
				CLANG_WARN_EMPTY_BODY = YES;
				CLANG_WARN_ENUM_CONVERSION = YES;
				CLANG_WARN_INFINITE_RECURSION = YES;
				CLANG_WARN_INT_CONVERSION = YES;
				CLANG_WARN_NON_LITERAL_NULL_CONVERSION = YES;
				CLANG_WARN_OBJC_IMPLICIT_RETAIN_SELF = YES;
				CLANG_WARN_OBJC_LITERAL_CONVERSION = YES;
				CLANG_WARN_OBJC_ROOT_CLASS = YES_ERROR;
				CLANG_WARN_RANGE_LOOP_ANALYSIS = YES;
				CLANG_WARN_STRICT_PROTOTYPES = YES;
				CLANG_WARN_SUSPICIOUS_MOVE = YES;
				CLANG_WARN_UNGUARDED_AVAILABILITY = YES_AGGRESSIVE;
				CLANG_WARN_UNREACHABLE_CODE = YES;
				CLANG_WARN__DUPLICATE_METHOD_MATCH = YES;
				CODE_SIGN_IDENTITY = "iPhone Developer";
				COPY_PHASE_STRIP = NO;
				DEBUG_INFORMATION_FORMAT = "dwarf-with-dsym";
				ENABLE_NS_ASSERTIONS = NO;
				ENABLE_STRICT_OBJC_MSGSEND = YES;
				GCC_C_LANGUAGE_STANDARD = gnu11;
				GCC_NO_COMMON_BLOCKS = YES;
				GCC_WARN_64_TO_32_BIT_CONVERSION = YES;
				GCC_WARN_ABOUT_RETURN_TYPE = YES_ERROR;
				GCC_WARN_UNDECLARED_SELECTOR = YES;
				GCC_WARN_UNINITIALIZED_AUTOS = YES_AGGRESSIVE;
				GCC_WARN_UNUSED_FUNCTION = YES;
				GCC_WARN_UNUSED_VARIABLE = YES;
				IPHONEOS_DEPLOYMENT_TARGET = 11.3;
				MTL_ENABLE_DEBUG_INFO = NO;
				SDKROOT = iphoneos;
				SWIFT_COMPILATION_MODE = wholemodule;
				SWIFT_OPTIMIZATION_LEVEL = "-O";
				VALIDATE_PRODUCT = YES;
			};
			name = Release;
		};
		11884CFB209E576B004D649A /* Debug */ = {
			isa = XCBuildConfiguration;
			buildSettings = {
				ASSETCATALOG_COMPILER_APPICON_NAME = AppIcon;
				CODE_SIGN_STYLE = Automatic;
				INFOPLIST_FILE = maxvalue/Info.plist;
				IPHONEOS_DEPLOYMENT_TARGET = 9.0;
				LD_RUNPATH_SEARCH_PATHS = (
					"$(inherited)",
					"@executable_path/Frameworks",
				);
				PRODUCT_BUNDLE_IDENTIFIER = testcompany.maxvalue;
				PRODUCT_NAME = "$(TARGET_NAME)";
				SWIFT_VERSION = 4.0;
				TARGETED_DEVICE_FAMILY = "1,2";
			};
			name = Debug;
		};
		11884CFC209E576B004D649A /* Release */ = {
			isa = XCBuildConfiguration;
			buildSettings = {
				ASSETCATALOG_COMPILER_APPICON_NAME = AppIcon;
				CODE_SIGN_STYLE = Automatic;
				INFOPLIST_FILE = maxvalue/Info.plist;
				IPHONEOS_DEPLOYMENT_TARGET = 9.0;
				LD_RUNPATH_SEARCH_PATHS = (
					"$(inherited)",
					"@executable_path/Frameworks",
				);
				PRODUCT_BUNDLE_IDENTIFIER = testcompany.maxvalue;
				PRODUCT_NAME = "$(TARGET_NAME)";
				SWIFT_VERSION = 4.0;
				TARGETED_DEVICE_FAMILY = "1,2";
			};
			name = Release;
		};
		11884CFE209E576B004D649A /* Debug */ = {
			isa = XCBuildConfiguration;
			buildSettings = {
				ALWAYS_EMBED_SWIFT_STANDARD_LIBRARIES = YES;
				BUNDLE_LOADER = "$(TEST_HOST)";
				CODE_SIGN_STYLE = Automatic;
				INFOPLIST_FILE = maxvalueTests/Info.plist;
				LD_RUNPATH_SEARCH_PATHS = (
					"$(inherited)",
					"@executable_path/Frameworks",
					"@loader_path/Frameworks",
				);
				PRODUCT_BUNDLE_IDENTIFIER = testcompany.maxvalueTests;
				PRODUCT_NAME = "$(TARGET_NAME)";
				SWIFT_VERSION = 4.0;
				TARGETED_DEVICE_FAMILY = "1,2";
				TEST_HOST = "$(BUILT_PRODUCTS_DIR)/maxvalue.app/maxvalue";
			};
			name = Debug;
		};
		11884CFF209E576B004D649A /* Release */ = {
			isa = XCBuildConfiguration;
			buildSettings = {
				ALWAYS_EMBED_SWIFT_STANDARD_LIBRARIES = YES;
				BUNDLE_LOADER = "$(TEST_HOST)";
				CODE_SIGN_STYLE = Automatic;
				INFOPLIST_FILE = maxvalueTests/Info.plist;
				LD_RUNPATH_SEARCH_PATHS = (
					"$(inherited)",
					"@executable_path/Frameworks",
					"@loader_path/Frameworks",
				);
				PRODUCT_BUNDLE_IDENTIFIER = testcompany.maxvalueTests;
				PRODUCT_NAME = "$(TARGET_NAME)";
				SWIFT_VERSION = 4.0;
				TARGETED_DEVICE_FAMILY = "1,2";
				TEST_HOST = "$(BUILT_PRODUCTS_DIR)/maxvalue.app/maxvalue";
			};
			name = Release;
		};
/* End XCBuildConfiguration section */

/* Begin XCConfigurationList section */
		11884CD8209E5768004D649A /* Build configuration list for PBXProject "maxvalue" */ = {
			isa = XCConfigurationList;
			buildConfigurations = (
				11884CF8209E576B004D649A /* Debug */,
				11884CF9209E576B004D649A /* Release */,
			);
			defaultConfigurationIsVisible = 0;
			defaultConfigurationName = Release;
		};
		11884CFA209E576B004D649A /* Build configuration list for PBXNativeTarget "maxvalue" */ = {
			isa = XCConfigurationList;
			buildConfigurations = (
				11884CFB209E576B004D649A /* Debug */,
				11884CFC209E576B004D649A /* Release */,
			);
			defaultConfigurationIsVisible = 0;
			defaultConfigurationName = Release;
		};
		11884CFD209E576B004D649A /* Build configuration list for PBXNativeTarget "maxvalueTests" */ = {
			isa = XCConfigurationList;
			buildConfigurations = (
				11884CFE209E576B004D649A /* Debug */,
				11884CFF209E576B004D649A /* Release */,
			);
			defaultConfigurationIsVisible = 0;
			defaultConfigurationName = Release;
		};
/* End XCConfigurationList section */
	};
	rootObject = 11884CD5209E5768004D649A /* Project object */;
}
